// !$*UTF8*$!
{
	archiveVersion = 1;
	classes = {
	};
	objectVersion = 56;
	objects = {

/* Begin PBXBuildFile section */
		550869BD2BFC9EB700539824 /* AppDelegate.m in Sources */ = {isa = PBXBuildFile; fileRef = 550869BC2BFC9EB700539824 /* AppDelegate.m */; };
		550869C02BFC9EB700539824 /* SceneDelegate.m in Sources */ = {isa = PBXBuildFile; fileRef = 550869BF2BFC9EB700539824 /* SceneDelegate.m */; };
		550869C32BFC9EB700539824 /* ViewController.m in Sources */ = {isa = PBXBuildFile; fileRef = 550869C22BFC9EB700539824 /* ViewController.m */; };
		550869C82BFC9EB900539824 /* Assets.xcassets in Resources */ = {isa = PBXBuildFile; fileRef = 550869C72BFC9EB900539824 /* Assets.xcassets */; };
		550869CB2BFC9EB900539824 /* Base in Resources */ = {isa = PBXBuildFile; fileRef = 550869CA2BFC9EB900539824 /* Base */; };
		550869CE2BFC9EB900539824 /* main.m in Sources */ = {isa = PBXBuildFile; fileRef = 550869CD2BFC9EB900539824 /* main.m */; };
		550869D82BFC9EBA00539824 /* NewsAppTests.m in Sources */ = {isa = PBXBuildFile; fileRef = 550869D72BFC9EBA00539824 /* NewsAppTests.m */; };
		550869E22BFC9EBA00539824 /* NewsAppUITests.m in Sources */ = {isa = PBXBuildFile; fileRef = 550869E12BFC9EBA00539824 /* NewsAppUITests.m */; };
		550869E42BFC9EBA00539824 /* NewsAppUITestsLaunchTests.m in Sources */ = {isa = PBXBuildFile; fileRef = 550869E32BFC9EBA00539824 /* NewsAppUITestsLaunchTests.m */; };
/* End PBXBuildFile section */

/* Begin PBXContainerItemProxy section */
		550869D42BFC9EBA00539824 /* PBXContainerItemProxy */ = {
			isa = PBXContainerItemProxy;
			containerPortal = 550869B02BFC9EB700539824 /* Project object */;
			proxyType = 1;
			remoteGlobalIDString = 550869B72BFC9EB700539824;
			remoteInfo = NewsApp;
		};
		550869DE2BFC9EBA00539824 /* PBXContainerItemProxy */ = {
			isa = PBXContainerItemProxy;
			containerPortal = 550869B02BFC9EB700539824 /* Project object */;
			proxyType = 1;
			remoteGlobalIDString = 550869B72BFC9EB700539824;
			remoteInfo = NewsApp;
		};
/* End PBXContainerItemProxy section */

/* Begin PBXFileReference section */
		550869B82BFC9EB700539824 /* NewsApp.app */ = {isa = PBXFileReference; explicitFileType = wrapper.application; includeInIndex = 0; path = NewsApp.app; sourceTree = BUILT_PRODUCTS_DIR; };
		550869BB2BFC9EB700539824 /* AppDelegate.h */ = {isa = PBXFileReference; lastKnownFileType = sourcecode.c.h; path = AppDelegate.h; sourceTree = "<group>"; };
		550869BC2BFC9EB700539824 /* AppDelegate.m */ = {isa = PBXFileReference; lastKnownFileType = sourcecode.c.objc; path = AppDelegate.m; sourceTree = "<group>"; };
		550869BE2BFC9EB700539824 /* SceneDelegate.h */ = {isa = PBXFileReference; lastKnownFileType = sourcecode.c.h; path = SceneDelegate.h; sourceTree = "<group>"; };
		550869BF2BFC9EB700539824 /* SceneDelegate.m */ = {isa = PBXFileReference; lastKnownFileType = sourcecode.c.objc; path = SceneDelegate.m; sourceTree = "<group>"; };
		550869C12BFC9EB700539824 /* ViewController.h */ = {isa = PBXFileReference; lastKnownFileType = sourcecode.c.h; path = ViewController.h; sourceTree = "<group>"; };
		550869C22BFC9EB700539824 /* ViewController.m */ = {isa = PBXFileReference; lastKnownFileType = sourcecode.c.objc; path = ViewController.m; sourceTree = "<group>"; };
		550869C72BFC9EB900539824 /* Assets.xcassets */ = {isa = PBXFileReference; lastKnownFileType = folder.assetcatalog; path = Assets.xcassets; sourceTree = "<group>"; };
		550869CA2BFC9EB900539824 /* Base */ = {isa = PBXFileReference; lastKnownFileType = file.storyboard; name = Base; path = Base.lproj/LaunchScreen.storyboard; sourceTree = "<group>"; };
		550869CC2BFC9EB900539824 /* Info.plist */ = {isa = PBXFileReference; lastKnownFileType = text.plist.xml; path = Info.plist; sourceTree = "<group>"; };
		550869CD2BFC9EB900539824 /* main.m */ = {isa = PBXFileReference; lastKnownFileType = sourcecode.c.objc; path = main.m; sourceTree = "<group>"; };
		550869D32BFC9EBA00539824 /* NewsAppTests.xctest */ = {isa = PBXFileReference; explicitFileType = wrapper.cfbundle; includeInIndex = 0; path = NewsAppTests.xctest; sourceTree = BUILT_PRODUCTS_DIR; };
		550869D72BFC9EBA00539824 /* NewsAppTests.m */ = {isa = PBXFileReference; lastKnownFileType = sourcecode.c.objc; path = NewsAppTests.m; sourceTree = "<group>"; };
		550869DD2BFC9EBA00539824 /* NewsAppUITests.xctest */ = {isa = PBXFileReference; explicitFileType = wrapper.cfbundle; includeInIndex = 0; path = NewsAppUITests.xctest; sourceTree = BUILT_PRODUCTS_DIR; };
		550869E12BFC9EBA00539824 /* NewsAppUITests.m */ = {isa = PBXFileReference; lastKnownFileType = sourcecode.c.objc; path = NewsAppUITests.m; sourceTree = "<group>"; };
		550869E32BFC9EBA00539824 /* NewsAppUITestsLaunchTests.m */ = {isa = PBXFileReference; lastKnownFileType = sourcecode.c.objc; path = NewsAppUITestsLaunchTests.m; sourceTree = "<group>"; };
/* End PBXFileReference section */

/* Begin PBXFrameworksBuildPhase section */
		550869B52BFC9EB700539824 /* Frameworks */ = {
			isa = PBXFrameworksBuildPhase;
			buildActionMask = 2147483647;
			files = (
			);
			runOnlyForDeploymentPostprocessing = 0;
		};
		550869D02BFC9EBA00539824 /* Frameworks */ = {
			isa = PBXFrameworksBuildPhase;
			buildActionMask = 2147483647;
			files = (
			);
			runOnlyForDeploymentPostprocessing = 0;
		};
		550869DA2BFC9EBA00539824 /* Frameworks */ = {
			isa = PBXFrameworksBuildPhase;
			buildActionMask = 2147483647;
			files = (
			);
			runOnlyForDeploymentPostprocessing = 0;
		};
/* End PBXFrameworksBuildPhase section */

/* Begin PBXGroup section */
		550869AF2BFC9EB700539824 = {
			isa = PBXGroup;
			children = (
				550869BA2BFC9EB700539824 /* NewsApp */,
				550869D62BFC9EBA00539824 /* NewsAppTests */,
				550869E02BFC9EBA00539824 /* NewsAppUITests */,
				550869B92BFC9EB700539824 /* Products */,
			);
			sourceTree = "<group>";
		};
		550869B92BFC9EB700539824 /* Products */ = {
			isa = PBXGroup;
			children = (
				550869B82BFC9EB700539824 /* NewsApp.app */,
				550869D32BFC9EBA00539824 /* NewsAppTests.xctest */,
				550869DD2BFC9EBA00539824 /* NewsAppUITests.xctest */,
			);
			name = Products;
			sourceTree = "<group>";
		};
		550869BA2BFC9EB700539824 /* NewsApp */ = {
			isa = PBXGroup;
			children = (
				550869F02BFCA25600539824 /* Application */,
				550869F22BFCAA1500539824 /* Core */,
			);
			path = NewsApp;
			sourceTree = "<group>";
		};
		550869D62BFC9EBA00539824 /* NewsAppTests */ = {
			isa = PBXGroup;
			children = (
				550869D72BFC9EBA00539824 /* NewsAppTests.m */,
			);
			path = NewsAppTests;
			sourceTree = "<group>";
		};
		550869E02BFC9EBA00539824 /* NewsAppUITests */ = {
			isa = PBXGroup;
			children = (
				550869E12BFC9EBA00539824 /* NewsAppUITests.m */,
				550869E32BFC9EBA00539824 /* NewsAppUITestsLaunchTests.m */,
			);
			path = NewsAppUITests;
			sourceTree = "<group>";
		};
		550869F02BFCA25600539824 /* Application */ = {
			isa = PBXGroup;
			children = (
				550869C12BFC9EB700539824 /* ViewController.h */,
				550869C22BFC9EB700539824 /* ViewController.m */,
			);
			path = Application;
			sourceTree = "<group>";
		};
		550869F22BFCAA1500539824 /* Core */ = {
			isa = PBXGroup;
			children = (
				550869F32BFCAA4B00539824 /* Delegate */,
				550869CD2BFC9EB900539824 /* main.m */,
				550869CC2BFC9EB900539824 /* Info.plist */,
				550869C92BFC9EB900539824 /* LaunchScreen.storyboard */,
				550869C72BFC9EB900539824 /* Assets.xcassets */,
			);
			path = Core;
			sourceTree = "<group>";
		};
		550869F32BFCAA4B00539824 /* Delegate */ = {
			isa = PBXGroup;
			children = (
				550869BB2BFC9EB700539824 /* AppDelegate.h */,
				550869BC2BFC9EB700539824 /* AppDelegate.m */,
				550869BE2BFC9EB700539824 /* SceneDelegate.h */,
				550869BF2BFC9EB700539824 /* SceneDelegate.m */,
			);
			path = Delegate;
			sourceTree = "<group>";
		};
/* End PBXGroup section */

/* Begin PBXNativeTarget section */
		550869B72BFC9EB700539824 /* NewsApp */ = {
			isa = PBXNativeTarget;
			buildConfigurationList = 550869E72BFC9EBA00539824 /* Build configuration list for PBXNativeTarget "NewsApp" */;
			buildPhases = (
				550869B42BFC9EB700539824 /* Sources */,
				550869B52BFC9EB700539824 /* Frameworks */,
				550869B62BFC9EB700539824 /* Resources */,
			);
			buildRules = (
			);
			dependencies = (
			);
			name = NewsApp;
			productName = NewsApp;
			productReference = 550869B82BFC9EB700539824 /* NewsApp.app */;
			productType = "com.apple.product-type.application";
		};
		550869D22BFC9EBA00539824 /* NewsAppTests */ = {
			isa = PBXNativeTarget;
			buildConfigurationList = 550869EA2BFC9EBA00539824 /* Build configuration list for PBXNativeTarget "NewsAppTests" */;
			buildPhases = (
				550869CF2BFC9EBA00539824 /* Sources */,
				550869D02BFC9EBA00539824 /* Frameworks */,
				550869D12BFC9EBA00539824 /* Resources */,
			);
			buildRules = (
			);
			dependencies = (
				550869D52BFC9EBA00539824 /* PBXTargetDependency */,
			);
			name = NewsAppTests;
			productName = NewsAppTests;
			productReference = 550869D32BFC9EBA00539824 /* NewsAppTests.xctest */;
			productType = "com.apple.product-type.bundle.unit-test";
		};
		550869DC2BFC9EBA00539824 /* NewsAppUITests */ = {
			isa = PBXNativeTarget;
			buildConfigurationList = 550869ED2BFC9EBA00539824 /* Build configuration list for PBXNativeTarget "NewsAppUITests" */;
			buildPhases = (
				550869D92BFC9EBA00539824 /* Sources */,
				550869DA2BFC9EBA00539824 /* Frameworks */,
				550869DB2BFC9EBA00539824 /* Resources */,
			);
			buildRules = (
			);
			dependencies = (
				550869DF2BFC9EBA00539824 /* PBXTargetDependency */,
			);
			name = NewsAppUITests;
			productName = NewsAppUITests;
			productReference = 550869DD2BFC9EBA00539824 /* NewsAppUITests.xctest */;
			productType = "com.apple.product-type.bundle.ui-testing";
		};
/* End PBXNativeTarget section */

/* Begin PBXProject section */
		550869B02BFC9EB700539824 /* Project object */ = {
			isa = PBXProject;
			attributes = {
				BuildIndependentTargetsInParallel = 1;
				LastUpgradeCheck = 1530;
				TargetAttributes = {
					550869B72BFC9EB700539824 = {
						CreatedOnToolsVersion = 15.3;
					};
					550869D22BFC9EBA00539824 = {
						CreatedOnToolsVersion = 15.3;
						TestTargetID = 550869B72BFC9EB700539824;
					};
					550869DC2BFC9EBA00539824 = {
						CreatedOnToolsVersion = 15.3;
						TestTargetID = 550869B72BFC9EB700539824;
					};
				};
			};
			buildConfigurationList = 550869B32BFC9EB700539824 /* Build configuration list for PBXProject "NewsApp" */;
			compatibilityVersion = "Xcode 14.0";
			developmentRegion = en;
			hasScannedForEncodings = 0;
			knownRegions = (
				en,
				Base,
			);
			mainGroup = 550869AF2BFC9EB700539824;
			productRefGroup = 550869B92BFC9EB700539824 /* Products */;
			projectDirPath = "";
			projectRoot = "";
			targets = (
				550869B72BFC9EB700539824 /* NewsApp */,
				550869D22BFC9EBA00539824 /* NewsAppTests */,
				550869DC2BFC9EBA00539824 /* NewsAppUITests */,
			);
		};
/* End PBXProject section */

/* Begin PBXResourcesBuildPhase section */
		550869B62BFC9EB700539824 /* Resources */ = {
			isa = PBXResourcesBuildPhase;
			buildActionMask = 2147483647;
			files = (
				550869C82BFC9EB900539824 /* Assets.xcassets in Resources */,
				550869CB2BFC9EB900539824 /* Base in Resources */,
			);
			runOnlyForDeploymentPostprocessing = 0;
		};
		550869D12BFC9EBA00539824 /* Resources */ = {
			isa = PBXResourcesBuildPhase;
			buildActionMask = 2147483647;
			files = (
			);
			runOnlyForDeploymentPostprocessing = 0;
		};
		550869DB2BFC9EBA00539824 /* Resources */ = {
			isa = PBXResourcesBuildPhase;
			buildActionMask = 2147483647;
			files = (
			);
			runOnlyForDeploymentPostprocessing = 0;
		};
/* End PBXResourcesBuildPhase section */

/* Begin PBXSourcesBuildPhase section */
		550869B42BFC9EB700539824 /* Sources */ = {
			isa = PBXSourcesBuildPhase;
			buildActionMask = 2147483647;
			files = (
				550869C32BFC9EB700539824 /* ViewController.m in Sources */,
				550869BD2BFC9EB700539824 /* AppDelegate.m in Sources */,
				550869CE2BFC9EB900539824 /* main.m in Sources */,
				550869C02BFC9EB700539824 /* SceneDelegate.m in Sources */,
			);
			runOnlyForDeploymentPostprocessing = 0;
		};
		550869CF2BFC9EBA00539824 /* Sources */ = {
			isa = PBXSourcesBuildPhase;
			buildActionMask = 2147483647;
			files = (
				550869D82BFC9EBA00539824 /* NewsAppTests.m in Sources */,
			);
			runOnlyForDeploymentPostprocessing = 0;
		};
		550869D92BFC9EBA00539824 /* Sources */ = {
			isa = PBXSourcesBuildPhase;
			buildActionMask = 2147483647;
			files = (
				550869E22BFC9EBA00539824 /* NewsAppUITests.m in Sources */,
				550869E42BFC9EBA00539824 /* NewsAppUITestsLaunchTests.m in Sources */,
			);
			runOnlyForDeploymentPostprocessing = 0;
		};
/* End PBXSourcesBuildPhase section */

/* Begin PBXTargetDependency section */
		550869D52BFC9EBA00539824 /* PBXTargetDependency */ = {
			isa = PBXTargetDependency;
			target = 550869B72BFC9EB700539824 /* NewsApp */;
			targetProxy = 550869D42BFC9EBA00539824 /* PBXContainerItemProxy */;
		};
		550869DF2BFC9EBA00539824 /* PBXTargetDependency */ = {
			isa = PBXTargetDependency;
			target = 550869B72BFC9EB700539824 /* NewsApp */;
			targetProxy = 550869DE2BFC9EBA00539824 /* PBXContainerItemProxy */;
		};
/* End PBXTargetDependency section */

/* Begin PBXVariantGroup section */
		550869C92BFC9EB900539824 /* LaunchScreen.storyboard */ = {
			isa = PBXVariantGroup;
			children = (
				550869CA2BFC9EB900539824 /* Base */,
			);
			name = LaunchScreen.storyboard;
			sourceTree = "<group>";
		};
/* End PBXVariantGroup section */

/* Begin XCBuildConfiguration section */
		550869E52BFC9EBA00539824 /* Debug */ = {
			isa = XCBuildConfiguration;
			buildSettings = {
				ALWAYS_SEARCH_USER_PATHS = NO;
				ASSETCATALOG_COMPILER_GENERATE_SWIFT_ASSET_SYMBOL_EXTENSIONS = YES;
				CLANG_ANALYZER_NONNULL = YES;
				CLANG_ANALYZER_NUMBER_OBJECT_CONVERSION = YES_AGGRESSIVE;
				CLANG_CXX_LANGUAGE_STANDARD = "gnu++20";
				CLANG_ENABLE_MODULES = YES;
				CLANG_ENABLE_OBJC_ARC = YES;
				CLANG_ENABLE_OBJC_WEAK = YES;
				CLANG_WARN_BLOCK_CAPTURE_AUTORELEASING = YES;
				CLANG_WARN_BOOL_CONVERSION = YES;
				CLANG_WARN_COMMA = YES;
				CLANG_WARN_CONSTANT_CONVERSION = YES;
				CLANG_WARN_DEPRECATED_OBJC_IMPLEMENTATIONS = YES;
				CLANG_WARN_DIRECT_OBJC_ISA_USAGE = YES_ERROR;
				CLANG_WARN_DOCUMENTATION_COMMENTS = YES;
				CLANG_WARN_EMPTY_BODY = YES;
				CLANG_WARN_ENUM_CONVERSION = YES;
				CLANG_WARN_INFINITE_RECURSION = YES;
				CLANG_WARN_INT_CONVERSION = YES;
				CLANG_WARN_NON_LITERAL_NULL_CONVERSION = YES;
				CLANG_WARN_OBJC_IMPLICIT_RETAIN_SELF = YES;
				CLANG_WARN_OBJC_LITERAL_CONVERSION = YES;
				CLANG_WARN_OBJC_ROOT_CLASS = YES_ERROR;
				CLANG_WARN_QUOTED_INCLUDE_IN_FRAMEWORK_HEADER = YES;
				CLANG_WARN_RANGE_LOOP_ANALYSIS = YES;
				CLANG_WARN_STRICT_PROTOTYPES = YES;
				CLANG_WARN_SUSPICIOUS_MOVE = YES;
				CLANG_WARN_UNGUARDED_AVAILABILITY = YES_AGGRESSIVE;
				CLANG_WARN_UNREACHABLE_CODE = YES;
				CLANG_WARN__DUPLICATE_METHOD_MATCH = YES;
				COPY_PHASE_STRIP = NO;
				DEBUG_INFORMATION_FORMAT = dwarf;
				ENABLE_STRICT_OBJC_MSGSEND = YES;
				ENABLE_TESTABILITY = YES;
				ENABLE_USER_SCRIPT_SANDBOXING = YES;
				GCC_C_LANGUAGE_STANDARD = gnu17;
				GCC_DYNAMIC_NO_PIC = NO;
				GCC_NO_COMMON_BLOCKS = YES;
				GCC_OPTIMIZATION_LEVEL = 0;
				GCC_PREPROCESSOR_DEFINITIONS = (
					"DEBUG=1",
					"$(inherited)",
				);
				GCC_WARN_64_TO_32_BIT_CONVERSION = YES;
				GCC_WARN_ABOUT_RETURN_TYPE = YES_ERROR;
				GCC_WARN_UNDECLARED_SELECTOR = YES;
				GCC_WARN_UNINITIALIZED_AUTOS = YES_AGGRESSIVE;
				GCC_WARN_UNUSED_FUNCTION = YES;
				GCC_WARN_UNUSED_VARIABLE = YES;
				IPHONEOS_DEPLOYMENT_TARGET = 17.4;
				LOCALIZATION_PREFERS_STRING_CATALOGS = YES;
				MTL_ENABLE_DEBUG_INFO = INCLUDE_SOURCE;
				MTL_FAST_MATH = YES;
				ONLY_ACTIVE_ARCH = YES;
				SDKROOT = iphoneos;
			};
			name = Debug;
		};
		550869E62BFC9EBA00539824 /* Release */ = {
			isa = XCBuildConfiguration;
			buildSettings = {
				ALWAYS_SEARCH_USER_PATHS = NO;
				ASSETCATALOG_COMPILER_GENERATE_SWIFT_ASSET_SYMBOL_EXTENSIONS = YES;
				CLANG_ANALYZER_NONNULL = YES;
				CLANG_ANALYZER_NUMBER_OBJECT_CONVERSION = YES_AGGRESSIVE;
				CLANG_CXX_LANGUAGE_STANDARD = "gnu++20";
				CLANG_ENABLE_MODULES = YES;
				CLANG_ENABLE_OBJC_ARC = YES;
				CLANG_ENABLE_OBJC_WEAK = YES;
				CLANG_WARN_BLOCK_CAPTURE_AUTORELEASING = YES;
				CLANG_WARN_BOOL_CONVERSION = YES;
				CLANG_WARN_COMMA = YES;
				CLANG_WARN_CONSTANT_CONVERSION = YES;
				CLANG_WARN_DEPRECATED_OBJC_IMPLEMENTATIONS = YES;
				CLANG_WARN_DIRECT_OBJC_ISA_USAGE = YES_ERROR;
				CLANG_WARN_DOCUMENTATION_COMMENTS = YES;
				CLANG_WARN_EMPTY_BODY = YES;
				CLANG_WARN_ENUM_CONVERSION = YES;
				CLANG_WARN_INFINITE_RECURSION = YES;
				CLANG_WARN_INT_CONVERSION = YES;
				CLANG_WARN_NON_LITERAL_NULL_CONVERSION = YES;
				CLANG_WARN_OBJC_IMPLICIT_RETAIN_SELF = YES;
				CLANG_WARN_OBJC_LITERAL_CONVERSION = YES;
				CLANG_WARN_OBJC_ROOT_CLASS = YES_ERROR;
				CLANG_WARN_QUOTED_INCLUDE_IN_FRAMEWORK_HEADER = YES;
				CLANG_WARN_RANGE_LOOP_ANALYSIS = YES;
				CLANG_WARN_STRICT_PROTOTYPES = YES;
				CLANG_WARN_SUSPICIOUS_MOVE = YES;
				CLANG_WARN_UNGUARDED_AVAILABILITY = YES_AGGRESSIVE;
				CLANG_WARN_UNREACHABLE_CODE = YES;
				CLANG_WARN__DUPLICATE_METHOD_MATCH = YES;
				COPY_PHASE_STRIP = NO;
				DEBUG_INFORMATION_FORMAT = "dwarf-with-dsym";
				ENABLE_NS_ASSERTIONS = NO;
				ENABLE_STRICT_OBJC_MSGSEND = YES;
				ENABLE_USER_SCRIPT_SANDBOXING = YES;
				GCC_C_LANGUAGE_STANDARD = gnu17;
				GCC_NO_COMMON_BLOCKS = YES;
				GCC_WARN_64_TO_32_BIT_CONVERSION = YES;
				GCC_WARN_ABOUT_RETURN_TYPE = YES_ERROR;
				GCC_WARN_UNDECLARED_SELECTOR = YES;
				GCC_WARN_UNINITIALIZED_AUTOS = YES_AGGRESSIVE;
				GCC_WARN_UNUSED_FUNCTION = YES;
				GCC_WARN_UNUSED_VARIABLE = YES;
				IPHONEOS_DEPLOYMENT_TARGET = 17.4;
				LOCALIZATION_PREFERS_STRING_CATALOGS = YES;
				MTL_ENABLE_DEBUG_INFO = NO;
				MTL_FAST_MATH = YES;
				SDKROOT = iphoneos;
				VALIDATE_PRODUCT = YES;
			};
			name = Release;
		};
		550869E82BFC9EBA00539824 /* Debug */ = {
			isa = XCBuildConfiguration;
			buildSettings = {
				ASSETCATALOG_COMPILER_APPICON_NAME = AppIcon;
				ASSETCATALOG_COMPILER_GLOBAL_ACCENT_COLOR_NAME = AccentColor;
				CODE_SIGN_STYLE = Automatic;
				CURRENT_PROJECT_VERSION = 1;
				DEVELOPMENT_TEAM = 9VJNM48GB5;
				GENERATE_INFOPLIST_FILE = YES;
				INFOPLIST_FILE = NewsApp/Core/Info.plist;
				INFOPLIST_KEY_UIApplicationSupportsIndirectInputEvents = YES;
				INFOPLIST_KEY_UILaunchStoryboardName = LaunchScreen;
				INFOPLIST_KEY_UIMainStoryboardFile = Main;
				INFOPLIST_KEY_UISupportedInterfaceOrientations_iPad = "UIInterfaceOrientationPortrait UIInterfaceOrientationPortraitUpsideDown UIInterfaceOrientationLandscapeLeft UIInterfaceOrientationLandscapeRight";
				INFOPLIST_KEY_UISupportedInterfaceOrientations_iPhone = "UIInterfaceOrientationPortrait UIInterfaceOrientationLandscapeLeft UIInterfaceOrientationLandscapeRight";
				LD_RUNPATH_SEARCH_PATHS = (
					"$(inherited)",
					"@executable_path/Frameworks",
				);
				MARKETING_VERSION = 1.0;
				PRODUCT_BUNDLE_IDENTIFIER = com.rcbdev.NewsApp;
				PRODUCT_NAME = "$(TARGET_NAME)";
				SWIFT_EMIT_LOC_STRINGS = YES;
				TARGETED_DEVICE_FAMILY = "1,2";
			};
			name = Debug;
		};
		550869E92BFC9EBA00539824 /* Release */ = {
			isa = XCBuildConfiguration;
			buildSettings = {
				ASSETCATALOG_COMPILER_APPICON_NAME = AppIcon;
				ASSETCATALOG_COMPILER_GLOBAL_ACCENT_COLOR_NAME = AccentColor;
				CODE_SIGN_STYLE = Automatic;
				CURRENT_PROJECT_VERSION = 1;
				DEVELOPMENT_TEAM = 9VJNM48GB5;
				GENERATE_INFOPLIST_FILE = YES;
				INFOPLIST_FILE = NewsApp/Core/Info.plist;
				INFOPLIST_KEY_UIApplicationSupportsIndirectInputEvents = YES;
				INFOPLIST_KEY_UILaunchStoryboardName = LaunchScreen;
				INFOPLIST_KEY_UIMainStoryboardFile = Main;
				INFOPLIST_KEY_UISupportedInterfaceOrientations_iPad = "UIInterfaceOrientationPortrait UIInterfaceOrientationPortraitUpsideDown UIInterfaceOrientationLandscapeLeft UIInterfaceOrientationLandscapeRight";
				INFOPLIST_KEY_UISupportedInterfaceOrientations_iPhone = "UIInterfaceOrientationPortrait UIInterfaceOrientationLandscapeLeft UIInterfaceOrientationLandscapeRight";
				LD_RUNPATH_SEARCH_PATHS = (
					"$(inherited)",
					"@executable_path/Frameworks",
				);
				MARKETING_VERSION = 1.0;
				PRODUCT_BUNDLE_IDENTIFIER = com.rcbdev.NewsApp;
				PRODUCT_NAME = "$(TARGET_NAME)";
				SWIFT_EMIT_LOC_STRINGS = YES;
				TARGETED_DEVICE_FAMILY = "1,2";
			};
			name = Release;
		};
		550869EB2BFC9EBA00539824 /* Debug */ = {
			isa = XCBuildConfiguration;
			buildSettings = {
				BUNDLE_LOADER = "$(TEST_HOST)";
				CODE_SIGN_STYLE = Automatic;
				CURRENT_PROJECT_VERSION = 1;
				DEVELOPMENT_TEAM = 9VJNM48GB5;
				GENERATE_INFOPLIST_FILE = YES;
				IPHONEOS_DEPLOYMENT_TARGET = 17.4;
				MARKETING_VERSION = 1.0;
				PRODUCT_BUNDLE_IDENTIFIER = com.rcbdev.NewsAppTests;
				PRODUCT_NAME = "$(TARGET_NAME)";
				SWIFT_EMIT_LOC_STRINGS = NO;
				TARGETED_DEVICE_FAMILY = "1,2";
				TEST_HOST = "$(BUILT_PRODUCTS_DIR)/NewsApp.app/$(BUNDLE_EXECUTABLE_FOLDER_PATH)/NewsApp";
			};
			name = Debug;
		};
		550869EC2BFC9EBA00539824 /* Release */ = {
			isa = XCBuildConfiguration;
			buildSettings = {
				BUNDLE_LOADER = "$(TEST_HOST)";
				CODE_SIGN_STYLE = Automatic;
				CURRENT_PROJECT_VERSION = 1;
				DEVELOPMENT_TEAM = 9VJNM48GB5;
				GENERATE_INFOPLIST_FILE = YES;
				IPHONEOS_DEPLOYMENT_TARGET = 17.4;
				MARKETING_VERSION = 1.0;
				PRODUCT_BUNDLE_IDENTIFIER = com.rcbdev.NewsAppTests;
				PRODUCT_NAME = "$(TARGET_NAME)";
				SWIFT_EMIT_LOC_STRINGS = NO;
				TARGETED_DEVICE_FAMILY = "1,2";
				TEST_HOST = "$(BUILT_PRODUCTS_DIR)/NewsApp.app/$(BUNDLE_EXECUTABLE_FOLDER_PATH)/NewsApp";
			};
			name = Release;
		};
		550869EE2BFC9EBA00539824 /* Debug */ = {
			isa = XCBuildConfiguration;
			buildSettings = {
				CODE_SIGN_STYLE = Automatic;
				CURRENT_PROJECT_VERSION = 1;
				DEVELOPMENT_TEAM = 9VJNM48GB5;
				GENERATE_INFOPLIST_FILE = YES;
				MARKETING_VERSION = 1.0;
				PRODUCT_BUNDLE_IDENTIFIER = com.rcbdev.NewsAppUITests;
				PRODUCT_NAME = "$(TARGET_NAME)";
				SWIFT_EMIT_LOC_STRINGS = NO;
				TARGETED_DEVICE_FAMILY = "1,2";
				TEST_TARGET_NAME = NewsApp;
			};
			name = Debug;
		};
		550869EF2BFC9EBA00539824 /* Release */ = {
			isa = XCBuildConfiguration;
			buildSettings = {
				CODE_SIGN_STYLE = Automatic;
				CURRENT_PROJECT_VERSION = 1;
				DEVELOPMENT_TEAM = 9VJNM48GB5;
				GENERATE_INFOPLIST_FILE = YES;
				MARKETING_VERSION = 1.0;
				PRODUCT_BUNDLE_IDENTIFIER = com.rcbdev.NewsAppUITests;
				PRODUCT_NAME = "$(TARGET_NAME)";
				SWIFT_EMIT_LOC_STRINGS = NO;
				TARGETED_DEVICE_FAMILY = "1,2";
				TEST_TARGET_NAME = NewsApp;
			};
			name = Release;
		};
/* End XCBuildConfiguration section */

/* Begin XCConfigurationList section */
		550869B32BFC9EB700539824 /* Build configuration list for PBXProject "NewsApp" */ = {
			isa = XCConfigurationList;
			buildConfigurations = (
				550869E52BFC9EBA00539824 /* Debug */,
				550869E62BFC9EBA00539824 /* Release */,
			);
			defaultConfigurationIsVisible = 0;
			defaultConfigurationName = Release;
		};
		550869E72BFC9EBA00539824 /* Build configuration list for PBXNativeTarget "NewsApp" */ = {
			isa = XCConfigurationList;
			buildConfigurations = (
				550869E82BFC9EBA00539824 /* Debug */,
				550869E92BFC9EBA00539824 /* Release */,
			);
			defaultConfigurationIsVisible = 0;
			defaultConfigurationName = Release;
		};
		550869EA2BFC9EBA00539824 /* Build configuration list for PBXNativeTarget "NewsAppTests" */ = {
			isa = XCConfigurationList;
			buildConfigurations = (
				550869EB2BFC9EBA00539824 /* Debug */,
				550869EC2BFC9EBA00539824 /* Release */,
			);
			defaultConfigurationIsVisible = 0;
			defaultConfigurationName = Release;
		};
		550869ED2BFC9EBA00539824 /* Build configuration list for PBXNativeTarget "NewsAppUITests" */ = {
			isa = XCConfigurationList;
			buildConfigurations = (
				550869EE2BFC9EBA00539824 /* Debug */,
				550869EF2BFC9EBA00539824 /* Release */,
			);
			defaultConfigurationIsVisible = 0;
			defaultConfigurationName = Release;
		};
/* End XCConfigurationList section */
	};
	rootObject = 550869B02BFC9EB700539824 /* Project object */;
}
